{
  "requires": true,
  "lockfileVersion": 1,
  "dependencies": {
    "@fitbit/jsonrpc-ts": {
      "version": "3.0.3",
      "resolved": "https://registry.npmjs.org/@fitbit/jsonrpc-ts/-/jsonrpc-ts-3.0.3.tgz",
      "integrity": "sha512-VmSVTtECS/vmpokJNjGP1CPkKp3xqWAE4kaF9le1ApV9+0DO6m+Vkp2Kq+O+3ppcGbzl+QhzP/7qWa4Usp3oQg==",
      "requires": {
        "@types/error-subclass": "^2.2.0",
        "error-subclass": "^2.2.0",
        "fp-ts": "2.2.0",
        "io-ts": "2.0.1"
      }
    },
    "@types/error-subclass": {
      "version": "2.2.0",
      "resolved": "https://registry.npmjs.org/@types/error-subclass/-/error-subclass-2.2.0.tgz",
      "integrity": "sha512-D7ErcheKsZ6z8uz/3DKSZHnx8JfJt2jQVNpZkyJw3xT9Lq9ECt5zmVMiyWQQe9U+0lVjtkrZ1VHVPN1aBRBHbg=="
    },
    "error-subclass": {
      "version": "2.2.0",
      "resolved": "https://registry.npmjs.org/error-subclass/-/error-subclass-2.2.0.tgz",
      "integrity": "sha1-v/E1iTQsnWdNbmpm0LHl5/8JOdA="
    },
    "fp-ts": {
      "version": "2.2.0",
      "resolved": "https://registry.npmjs.org/fp-ts/-/fp-ts-2.2.0.tgz",
      "integrity": "sha512-muJL9NOYluuoRezrvOyQvLAHIXrYg7u/Tc6cu4PP/Ed4TJKrm6BVSX8H1goT/4nhgP/yQ+Z4Xjjt4ijeKFX4Ng=="
    },
    "io-ts": {
      "version": "2.0.1",
      "resolved": "https://registry.npmjs.org/io-ts/-/io-ts-2.0.1.tgz",
      "integrity": "sha512-RezD+WcCfW4VkMkEcQWL/Nmy/nqsWTvTYg7oUmTGzglvSSV2P9h2z1PVeREPFf0GWNzruYleAt1XCMQZSg1xxQ=="
    }
  }
}
